
Microsoft Visual Studio Solution File, Format Version 12.00
# Visual Studio Version 16
VisualStudioVersion = 16.0.31605.320
MinimumVisualStudioVersion = 10.0.40219.1
Project("{9A19103F-16F7-4668-BE54-9A1E7A4F7556}") = "AtendimentoBanco", "AtendimentoBanco\AtendimentoBanco.csproj", "{E0210D34-486D-4F2E-ACB6-6620EE71D2F5}"
EndProject
Project("{2150E333-8FDC-42A3-9474-1A3956D46DE8}") = "0 - Apresentação", "0 - Apresentação", "{7FD20342-F730-4964-A703-1C9C060F0F58}"
EndProject
Project("{2150E333-8FDC-42A3-9474-1A3956D46DE8}") = "1 - Aplicação", "1 - Aplicação", "{ADF18D3F-2E06-413C-B2AF-5FE908D12244}"
EndProject
Project("{2150E333-8FDC-42A3-9474-1A3956D46DE8}") = "2 - Dominio", "2 - Dominio", "{CB2202B1-14A7-482F-B7E1-6318189D3692}"
EndProject
Project("{2150E333-8FDC-42A3-9474-1A3956D46DE8}") = "3 - Infra", "3 - Infra", "{3B3A41F8-ADF4-42A0-BAE0-57BED48486EF}"
EndProject
Project("{9A19103F-16F7-4668-BE54-9A1E7A4F7556}") = "CadastroCliente", "Aplicacao\CadastroCliente.csproj", "{1BF617B8-A3CE-4CA7-9C24-675DEC522CC0}"
EndProject
Project("{9A19103F-16F7-4668-BE54-9A1E7A4F7556}") = "Dominio", "Dominio\Dominio.csproj", "{0CED66AE-6458-4E0D-BC96-F4EB45B45CE4}"
EndProject
Project("{2150E333-8FDC-42A3-9474-1A3956D46DE8}") = "4.1 - Data", "4.1 - Data", "{33C5DC37-1F64-470B-8F46-F1D7CFF9DF9C}"
EndProject
Project("{2150E333-8FDC-42A3-9474-1A3956D46DE8}") = "4.2- CrossCuting", "4.2- CrossCuting", "{AFF3190D-EAFD-428F-B7BF-FE1EC22E4D91}"
EndProject
Project("{9A19103F-16F7-4668-BE54-9A1E7A4F7556}") = "Infra.Data", "Infra.Data\Infra.Data.csproj", "{85441E3C-E2BE-485A-B207-EFF3E1F610BC}"
EndProject
Project("{9A19103F-16F7-4668-BE54-9A1E7A4F7556}") = "Infra.CrossCuting", "Infra.CrossCuting\Infra.CrossCuting.csproj", "{F43AB7D0-EE43-405A-B7E3-F57E445EB62B}"
EndProject
Project("{2150E333-8FDC-42A3-9474-1A3956D46DE8}") = "Cliente", "Cliente", "{F1777E98-0859-4567-BE06-32C1011E3001}"
EndProject
Project("{2150E333-8FDC-42A3-9474-1A3956D46DE8}") = "Pagamento", "Pagamento", "{0BC2B88D-60CD-4AC6-A86C-8D8D507F034A}"
EndProject
Project("{FAE04EC0-301F-11D3-BF4B-00C04F79EFBC}") = "Pagamento", "Pagamento\Pagamento.csproj", "{1A52885F-DAAB-4CD2-9AE9-AD2BFA12F415}"
EndProject
Global
	GlobalSection(SolutionConfigurationPlatforms) = preSolution
		Debug|Any CPU = Debug|Any CPU
		Release|Any CPU = Release|Any CPU
	EndGlobalSection
	GlobalSection(ProjectConfigurationPlatforms) = postSolution
		{E0210D34-486D-4F2E-ACB6-6620EE71D2F5}.Debug|Any CPU.ActiveCfg = Debug|Any CPU
		{E0210D34-486D-4F2E-ACB6-6620EE71D2F5}.Debug|Any CPU.Build.0 = Debug|Any CPU
		{E0210D34-486D-4F2E-ACB6-6620EE71D2F5}.Release|Any CPU.ActiveCfg = Release|Any CPU
		{E0210D34-486D-4F2E-ACB6-6620EE71D2F5}.Release|Any CPU.Build.0 = Release|Any CPU
		{1BF617B8-A3CE-4CA7-9C24-675DEC522CC0}.Debug|Any CPU.ActiveCfg = Debug|Any CPU
		{1BF617B8-A3CE-4CA7-9C24-675DEC522CC0}.Debug|Any CPU.Build.0 = Debug|Any CPU
		{1BF617B8-A3CE-4CA7-9C24-675DEC522CC0}.Release|Any CPU.ActiveCfg = Release|Any CPU
		{1BF617B8-A3CE-4CA7-9C24-675DEC522CC0}.Release|Any CPU.Build.0 = Release|Any CPU
		{0CED66AE-6458-4E0D-BC96-F4EB45B45CE4}.Debug|Any CPU.ActiveCfg = Debug|Any CPU
		{0CED66AE-6458-4E0D-BC96-F4EB45B45CE4}.Debug|Any CPU.Build.0 = Debug|Any CPU
		{0CED66AE-6458-4E0D-BC96-F4EB45B45CE4}.Release|Any CPU.ActiveCfg = Release|Any CPU
		{0CED66AE-6458-4E0D-BC96-F4EB45B45CE4}.Release|Any CPU.Build.0 = Release|Any CPU
		{85441E3C-E2BE-485A-B207-EFF3E1F610BC}.Debug|Any CPU.ActiveCfg = Debug|Any CPU
		{85441E3C-E2BE-485A-B207-EFF3E1F610BC}.Debug|Any CPU.Build.0 = Debug|Any CPU
		{85441E3C-E2BE-485A-B207-EFF3E1F610BC}.Release|Any CPU.ActiveCfg = Release|Any CPU
		{85441E3C-E2BE-485A-B207-EFF3E1F610BC}.Release|Any CPU.Build.0 = Release|Any CPU
		{F43AB7D0-EE43-405A-B7E3-F57E445EB62B}.Debug|Any CPU.ActiveCfg = Debug|Any CPU
		{F43AB7D0-EE43-405A-B7E3-F57E445EB62B}.Debug|Any CPU.Build.0 = Debug|Any CPU
		{F43AB7D0-EE43-405A-B7E3-F57E445EB62B}.Release|Any CPU.ActiveCfg = Release|Any CPU
		{F43AB7D0-EE43-405A-B7E3-F57E445EB62B}.Release|Any CPU.Build.0 = Release|Any CPU
		{1A52885F-DAAB-4CD2-9AE9-AD2BFA12F415}.Debug|Any CPU.ActiveCfg = Debug|Any CPU
		{1A52885F-DAAB-4CD2-9AE9-AD2BFA12F415}.Debug|Any CPU.Build.0 = Debug|Any CPU
		{1A52885F-DAAB-4CD2-9AE9-AD2BFA12F415}.Release|Any CPU.ActiveCfg = Release|Any CPU
		{1A52885F-DAAB-4CD2-9AE9-AD2BFA12F415}.Release|Any CPU.Build.0 = Release|Any CPU
	EndGlobalSection
	GlobalSection(SolutionProperties) = preSolution
		HideSolutionNode = FALSE
	EndGlobalSection
	GlobalSection(NestedProjects) = preSolution
		{E0210D34-486D-4F2E-ACB6-6620EE71D2F5} = {7FD20342-F730-4964-A703-1C9C060F0F58}
		{1BF617B8-A3CE-4CA7-9C24-675DEC522CC0} = {F1777E98-0859-4567-BE06-32C1011E3001}
		{0CED66AE-6458-4E0D-BC96-F4EB45B45CE4} = {CB2202B1-14A7-482F-B7E1-6318189D3692}
		{33C5DC37-1F64-470B-8F46-F1D7CFF9DF9C} = {3B3A41F8-ADF4-42A0-BAE0-57BED48486EF}
		{AFF3190D-EAFD-428F-B7BF-FE1EC22E4D91} = {3B3A41F8-ADF4-42A0-BAE0-57BED48486EF}
		{85441E3C-E2BE-485A-B207-EFF3E1F610BC} = {33C5DC37-1F64-470B-8F46-F1D7CFF9DF9C}
		{F43AB7D0-EE43-405A-B7E3-F57E445EB62B} = {AFF3190D-EAFD-428F-B7BF-FE1EC22E4D91}
		{F1777E98-0859-4567-BE06-32C1011E3001} = {ADF18D3F-2E06-413C-B2AF-5FE908D12244}
		{0BC2B88D-60CD-4AC6-A86C-8D8D507F034A} = {ADF18D3F-2E06-413C-B2AF-5FE908D12244}
		{1A52885F-DAAB-4CD2-9AE9-AD2BFA12F415} = {0BC2B88D-60CD-4AC6-A86C-8D8D507F034A}
	EndGlobalSection
	GlobalSection(ExtensibilityGlobals) = postSolution
		SolutionGuid = {1DE90634-77D1-488B-A9C0-26DC39C8FFF2}
	EndGlobalSection
EndGlobal
